{
  "name": "typescript-node",
  "version": "1.0.0",
  "lockfileVersion": 1,
  "requires": true,
  "dependencies": {
    "@types/node": {
      "version": "16.9.1",
      "resolved": "https://registry.npmjs.org/@types/node/-/node-16.9.1.tgz",
      "integrity": "sha512-QpLcX9ZSsq3YYUUnD3nFDY8H7wctAhQj/TFKL8Ya8v5fMm3CFXxo8zStsLAl780ltoYoo1WvKUVGBQK+1ifr7g==",
      "dev": true
    },
    "for-comprehension-ts": {
      "version": "1.0.1",
      "resolved": "https://registry.npmjs.org/for-comprehension-ts/-/for-comprehension-ts-1.0.1.tgz",
      "integrity": "sha512-D9Km5CGhLQB8R8DJF3ti36mojPfRsHKwKW0gMv9Venu4SkVIfZQ2NAoJaOakhtvXVzRkjv7M/L555cTvAs1NhQ=="
    },
    "typescript": {
      "version": "4.4.3",
      "resolved": "https://registry.npmjs.org/typescript/-/typescript-4.4.3.tgz",
      "integrity": "sha512-4xfscpisVgqqDfPaJo5vkd+Qd/ItkoagnHpufr+i2QCHBsNYp+G7UAoyFl8aPtx879u38wPV65rZ8qbGZijalA==",
      "dev": true
    }
  }
}
